
Microsoft Visual Studio Solution File, Format Version 12.00
# Visual Studio Version 16
VisualStudioVersion = 16.0.30717.126
MinimumVisualStudioVersion = 10.0.40219.1
Project("{FAE04EC0-301F-11D3-BF4B-00C04F79EFBC}") = "Lab06_Okoronko", "Lab06_Okoronko\Lab06_Okoronko.csproj", "{20356852-109B-4FDC-82FA-2728836DF1B2}"
EndProject
Global
	GlobalSection(SolutionConfigurationPlatforms) = preSolution
		Debug|Any CPU = Debug|Any CPU
		Release|Any CPU = Release|Any CPU
	EndGlobalSection
	GlobalSection(ProjectConfigurationPlatforms) = postSolution
		{20356852-109B-4FDC-82FA-2728836DF1B2}.Debug|Any CPU.ActiveCfg = Debug|Any CPU
		{20356852-109B-4FDC-82FA-2728836DF1B2}.Debug|Any CPU.Build.0 = Debug|Any CPU
		{20356852-109B-4FDC-82FA-2728836DF1B2}.Release|Any CPU.ActiveCfg = Release|Any CPU
		{20356852-109B-4FDC-82FA-2728836DF1B2}.Release|Any CPU.Build.0 = Release|Any CPU
	EndGlobalSection
	GlobalSection(SolutionProperties) = preSolution
		HideSolutionNode = FALSE
	EndGlobalSection
	GlobalSection(ExtensibilityGlobals) = postSolution
		SolutionGuid = {6454DE74-BCCB-46E1-B30D-CED5549AC61F}
	EndGlobalSection
EndGlobal
